// !$*UTF8*$!
{
	archiveVersion = 1;
	classes = {
	};
	objectVersion = 46;
	objects = {

/* Begin PBXBuildFile section */
		17B5C75D226338235936E5C2 /* UIStoryboard+StoryboardInitializer.m in Sources */ = {isa = PBXBuildFile; fileRef = 17B5C514871AE5CE02B12612 /* UIStoryboard+StoryboardInitializer.m */; };
		17B5CAC9039D400FBBE92655 /* UIStoryboard+StoryboardInitializer.m in Sources */ = {isa = PBXBuildFile; fileRef = 17B5C514871AE5CE02B12612 /* UIStoryboard+StoryboardInitializer.m */; };
		731C006B184709C200679409 /* Foundation.framework in Frameworks */ = {isa = PBXBuildFile; fileRef = 731C006A184709C200679409 /* Foundation.framework */; };
		731C006D184709C200679409 /* CoreGraphics.framework in Frameworks */ = {isa = PBXBuildFile; fileRef = 731C006C184709C200679409 /* CoreGraphics.framework */; };
		731C006F184709C200679409 /* UIKit.framework in Frameworks */ = {isa = PBXBuildFile; fileRef = 731C006E184709C200679409 /* UIKit.framework */; };
		731C0075184709C200679409 /* InfoPlist.strings in Resources */ = {isa = PBXBuildFile; fileRef = 731C0073184709C200679409 /* InfoPlist.strings */; };
		731C0077184709C200679409 /* main.m in Sources */ = {isa = PBXBuildFile; fileRef = 731C0076184709C200679409 /* main.m */; };
		731C007B184709C200679409 /* AppDelegate.m in Sources */ = {isa = PBXBuildFile; fileRef = 731C007A184709C200679409 /* AppDelegate.m */; };
		731C007E184709C200679409 /* Main.storyboard in Resources */ = {isa = PBXBuildFile; fileRef = 731C007C184709C200679409 /* Main.storyboard */; };
		731C0081184709C200679409 /* MasterViewController.m in Sources */ = {isa = PBXBuildFile; fileRef = 731C0080184709C200679409 /* MasterViewController.m */; };
		731C0084184709C200679409 /* DetailViewController.m in Sources */ = {isa = PBXBuildFile; fileRef = 731C0083184709C200679409 /* DetailViewController.m */; };
		731C0086184709C200679409 /* Images.xcassets in Resources */ = {isa = PBXBuildFile; fileRef = 731C0085184709C200679409 /* Images.xcassets */; };
		731C008D184709C200679409 /* XCTest.framework in Frameworks */ = {isa = PBXBuildFile; fileRef = 731C008C184709C200679409 /* XCTest.framework */; };
		731C008E184709C200679409 /* Foundation.framework in Frameworks */ = {isa = PBXBuildFile; fileRef = 731C006A184709C200679409 /* Foundation.framework */; };
		731C008F184709C200679409 /* UIKit.framework in Frameworks */ = {isa = PBXBuildFile; fileRef = 731C006E184709C200679409 /* UIKit.framework */; };
		731C0097184709C200679409 /* InfoPlist.strings in Resources */ = {isa = PBXBuildFile; fileRef = 731C0095184709C200679409 /* InfoPlist.strings */; };
		731C0099184709C200679409 /* StoryboardInitializerTests.m in Sources */ = {isa = PBXBuildFile; fileRef = 731C0098184709C200679409 /* StoryboardInitializerTests.m */; };
/* End PBXBuildFile section */

/* Begin PBXContainerItemProxy section */
		731C0090184709C200679409 /* PBXContainerItemProxy */ = {
			isa = PBXContainerItemProxy;
			containerPortal = 731C005F184709C200679409 /* Project object */;
			proxyType = 1;
			remoteGlobalIDString = 731C0066184709C200679409;
			remoteInfo = StoryboardInitializer;
		};
/* End PBXContainerItemProxy section */

/* Begin PBXFileReference section */
		17B5C514871AE5CE02B12612 /* UIStoryboard+StoryboardInitializer.m */ = {isa = PBXFileReference; fileEncoding = 4; lastKnownFileType = sourcecode.c.objc; path = "UIStoryboard+StoryboardInitializer.m"; sourceTree = "<group>"; };
		17B5C77CAAE8961B9A72981D /* readme.md */ = {isa = PBXFileReference; lastKnownFileType = file.md; path = readme.md; sourceTree = "<group>"; };
		17B5C99A8B39DAA4DABF1487 /* UIStoryboard+StoryboardInitializer.h */ = {isa = PBXFileReference; fileEncoding = 4; lastKnownFileType = sourcecode.c.h; path = "UIStoryboard+StoryboardInitializer.h"; sourceTree = "<group>"; };
		731C0067184709C200679409 /* StoryboardInitializer.app */ = {isa = PBXFileReference; explicitFileType = wrapper.application; includeInIndex = 0; path = StoryboardInitializer.app; sourceTree = BUILT_PRODUCTS_DIR; };
		731C006A184709C200679409 /* Foundation.framework */ = {isa = PBXFileReference; lastKnownFileType = wrapper.framework; name = Foundation.framework; path = System/Library/Frameworks/Foundation.framework; sourceTree = SDKROOT; };
		731C006C184709C200679409 /* CoreGraphics.framework */ = {isa = PBXFileReference; lastKnownFileType = wrapper.framework; name = CoreGraphics.framework; path = System/Library/Frameworks/CoreGraphics.framework; sourceTree = SDKROOT; };
		731C006E184709C200679409 /* UIKit.framework */ = {isa = PBXFileReference; lastKnownFileType = wrapper.framework; name = UIKit.framework; path = System/Library/Frameworks/UIKit.framework; sourceTree = SDKROOT; };
		731C0072184709C200679409 /* StoryboardInitializer-Info.plist */ = {isa = PBXFileReference; lastKnownFileType = text.plist.xml; path = "StoryboardInitializer-Info.plist"; sourceTree = "<group>"; };
		731C0074184709C200679409 /* en */ = {isa = PBXFileReference; lastKnownFileType = text.plist.strings; name = en; path = en.lproj/InfoPlist.strings; sourceTree = "<group>"; };
		731C0076184709C200679409 /* main.m */ = {isa = PBXFileReference; lastKnownFileType = sourcecode.c.objc; path = main.m; sourceTree = "<group>"; };
		731C0078184709C200679409 /* StoryboardInitializer-Prefix.pch */ = {isa = PBXFileReference; lastKnownFileType = sourcecode.c.h; path = "StoryboardInitializer-Prefix.pch"; sourceTree = "<group>"; };
		731C0079184709C200679409 /* AppDelegate.h */ = {isa = PBXFileReference; lastKnownFileType = sourcecode.c.h; path = AppDelegate.h; sourceTree = "<group>"; };
		731C007A184709C200679409 /* AppDelegate.m */ = {isa = PBXFileReference; lastKnownFileType = sourcecode.c.objc; path = AppDelegate.m; sourceTree = "<group>"; };
		731C007D184709C200679409 /* Base */ = {isa = PBXFileReference; lastKnownFileType = file.storyboard; name = Base; path = Base.lproj/Main.storyboard; sourceTree = "<group>"; };
		731C007F184709C200679409 /* MasterViewController.h */ = {isa = PBXFileReference; lastKnownFileType = sourcecode.c.h; path = MasterViewController.h; sourceTree = "<group>"; };
		731C0080184709C200679409 /* MasterViewController.m */ = {isa = PBXFileReference; lastKnownFileType = sourcecode.c.objc; path = MasterViewController.m; sourceTree = "<group>"; };
		731C0082184709C200679409 /* DetailViewController.h */ = {isa = PBXFileReference; lastKnownFileType = sourcecode.c.h; path = DetailViewController.h; sourceTree = "<group>"; };
		731C0083184709C200679409 /* DetailViewController.m */ = {isa = PBXFileReference; lastKnownFileType = sourcecode.c.objc; path = DetailViewController.m; sourceTree = "<group>"; };
		731C0085184709C200679409 /* Images.xcassets */ = {isa = PBXFileReference; lastKnownFileType = folder.assetcatalog; path = Images.xcassets; sourceTree = "<group>"; };
		731C008B184709C200679409 /* StoryboardInitializerTests.xctest */ = {isa = PBXFileReference; explicitFileType = wrapper.cfbundle; includeInIndex = 0; path = StoryboardInitializerTests.xctest; sourceTree = BUILT_PRODUCTS_DIR; };
		731C008C184709C200679409 /* XCTest.framework */ = {isa = PBXFileReference; lastKnownFileType = wrapper.framework; name = XCTest.framework; path = Library/Frameworks/XCTest.framework; sourceTree = DEVELOPER_DIR; };
		731C0094184709C200679409 /* StoryboardInitializerTests-Info.plist */ = {isa = PBXFileReference; lastKnownFileType = text.plist.xml; path = "StoryboardInitializerTests-Info.plist"; sourceTree = "<group>"; };
		731C0096184709C200679409 /* en */ = {isa = PBXFileReference; lastKnownFileType = text.plist.strings; name = en; path = en.lproj/InfoPlist.strings; sourceTree = "<group>"; };
		731C0098184709C200679409 /* StoryboardInitializerTests.m */ = {isa = PBXFileReference; lastKnownFileType = sourcecode.c.objc; path = StoryboardInitializerTests.m; sourceTree = "<group>"; };
/* End PBXFileReference section */

/* Begin PBXFrameworksBuildPhase section */
		731C0064184709C200679409 /* Frameworks */ = {
			isa = PBXFrameworksBuildPhase;
			buildActionMask = 2147483647;
			files = (
				731C006D184709C200679409 /* CoreGraphics.framework in Frameworks */,
				731C006F184709C200679409 /* UIKit.framework in Frameworks */,
				731C006B184709C200679409 /* Foundation.framework in Frameworks */,
			);
			runOnlyForDeploymentPostprocessing = 0;
		};
		731C0088184709C200679409 /* Frameworks */ = {
			isa = PBXFrameworksBuildPhase;
			buildActionMask = 2147483647;
			files = (
				731C008D184709C200679409 /* XCTest.framework in Frameworks */,
				731C008F184709C200679409 /* UIKit.framework in Frameworks */,
				731C008E184709C200679409 /* Foundation.framework in Frameworks */,
			);
			runOnlyForDeploymentPostprocessing = 0;
		};
/* End PBXFrameworksBuildPhase section */

/* Begin PBXGroup section */
		17B5C9966AF971E9991F4389 /* lib */ = {
			isa = PBXGroup;
			children = (
				17B5C99A8B39DAA4DABF1487 /* UIStoryboard+StoryboardInitializer.h */,
				17B5C514871AE5CE02B12612 /* UIStoryboard+StoryboardInitializer.m */,
			);
			path = lib;
			sourceTree = "<group>";
		};
		731C005E184709C200679409 = {
			isa = PBXGroup;
			children = (
				731C0070184709C200679409 /* StoryboardInitializer */,
				731C0092184709C200679409 /* StoryboardInitializerTests */,
				731C0069184709C200679409 /* Frameworks */,
				731C0068184709C200679409 /* Products */,
				17B5C9966AF971E9991F4389 /* lib */,
				17B5C77CAAE8961B9A72981D /* readme.md */,
			);
			sourceTree = "<group>";
		};
		731C0068184709C200679409 /* Products */ = {
			isa = PBXGroup;
			children = (
				731C0067184709C200679409 /* StoryboardInitializer.app */,
				731C008B184709C200679409 /* StoryboardInitializerTests.xctest */,
			);
			name = Products;
			sourceTree = "<group>";
		};
		731C0069184709C200679409 /* Frameworks */ = {
			isa = PBXGroup;
			children = (
				731C006A184709C200679409 /* Foundation.framework */,
				731C006C184709C200679409 /* CoreGraphics.framework */,
				731C006E184709C200679409 /* UIKit.framework */,
				731C008C184709C200679409 /* XCTest.framework */,
			);
			name = Frameworks;
			sourceTree = "<group>";
		};
		731C0070184709C200679409 /* StoryboardInitializer */ = {
			isa = PBXGroup;
			children = (
				731C0079184709C200679409 /* AppDelegate.h */,
				731C007A184709C200679409 /* AppDelegate.m */,
				731C007C184709C200679409 /* Main.storyboard */,
				731C007F184709C200679409 /* MasterViewController.h */,
				731C0080184709C200679409 /* MasterViewController.m */,
				731C0082184709C200679409 /* DetailViewController.h */,
				731C0083184709C200679409 /* DetailViewController.m */,
				731C0085184709C200679409 /* Images.xcassets */,
				731C0071184709C200679409 /* Supporting Files */,
			);
			path = StoryboardInitializer;
			sourceTree = "<group>";
		};
		731C0071184709C200679409 /* Supporting Files */ = {
			isa = PBXGroup;
			children = (
				731C0072184709C200679409 /* StoryboardInitializer-Info.plist */,
				731C0073184709C200679409 /* InfoPlist.strings */,
				731C0076184709C200679409 /* main.m */,
				731C0078184709C200679409 /* StoryboardInitializer-Prefix.pch */,
			);
			name = "Supporting Files";
			sourceTree = "<group>";
		};
		731C0092184709C200679409 /* StoryboardInitializerTests */ = {
			isa = PBXGroup;
			children = (
				731C0098184709C200679409 /* StoryboardInitializerTests.m */,
				731C0093184709C200679409 /* Supporting Files */,
			);
			path = StoryboardInitializerTests;
			sourceTree = "<group>";
		};
		731C0093184709C200679409 /* Supporting Files */ = {
			isa = PBXGroup;
			children = (
				731C0094184709C200679409 /* StoryboardInitializerTests-Info.plist */,
				731C0095184709C200679409 /* InfoPlist.strings */,
			);
			name = "Supporting Files";
			sourceTree = "<group>";
		};
/* End PBXGroup section */

/* Begin PBXNativeTarget section */
		731C0066184709C200679409 /* StoryboardInitializer */ = {
			isa = PBXNativeTarget;
			buildConfigurationList = 731C009C184709C200679409 /* Build configuration list for PBXNativeTarget "StoryboardInitializer" */;
			buildPhases = (
				731C0063184709C200679409 /* Sources */,
				731C0064184709C200679409 /* Frameworks */,
				731C0065184709C200679409 /* Resources */,
			);
			buildRules = (
			);
			dependencies = (
			);
			name = StoryboardInitializer;
			productName = StoryboardInitializer;
			productReference = 731C0067184709C200679409 /* StoryboardInitializer.app */;
			productType = "com.apple.product-type.application";
		};
		731C008A184709C200679409 /* StoryboardInitializerTests */ = {
			isa = PBXNativeTarget;
			buildConfigurationList = 731C009F184709C200679409 /* Build configuration list for PBXNativeTarget "StoryboardInitializerTests" */;
			buildPhases = (
				731C0087184709C200679409 /* Sources */,
				731C0088184709C200679409 /* Frameworks */,
				731C0089184709C200679409 /* Resources */,
			);
			buildRules = (
			);
			dependencies = (
				731C0091184709C200679409 /* PBXTargetDependency */,
			);
			name = StoryboardInitializerTests;
			productName = StoryboardInitializerTests;
			productReference = 731C008B184709C200679409 /* StoryboardInitializerTests.xctest */;
			productType = "com.apple.product-type.bundle.unit-test";
		};
/* End PBXNativeTarget section */

/* Begin PBXProject section */
		731C005F184709C200679409 /* Project object */ = {
			isa = PBXProject;
			attributes = {
				LastUpgradeCheck = 0500;
				TargetAttributes = {
					731C008A184709C200679409 = {
						TestTargetID = 731C0066184709C200679409 /* StoryboardInitializer */;
					};
				};
			};
			buildConfigurationList = 731C0062184709C200679409 /* Build configuration list for PBXProject "StoryboardInitializer" */;
			compatibilityVersion = "Xcode 3.2";
			developmentRegion = English;
			hasScannedForEncodings = 0;
			knownRegions = (
				en,
				Base,
			);
			mainGroup = 731C005E184709C200679409;
			productRefGroup = 731C0068184709C200679409 /* Products */;
			projectDirPath = "";
			projectRoot = "";
			targets = (
				731C0066184709C200679409 /* StoryboardInitializer */,
				731C008A184709C200679409 /* StoryboardInitializerTests */,
			);
		};
/* End PBXProject section */

/* Begin PBXResourcesBuildPhase section */
		731C0065184709C200679409 /* Resources */ = {
			isa = PBXResourcesBuildPhase;
			buildActionMask = 2147483647;
			files = (
				731C0086184709C200679409 /* Images.xcassets in Resources */,
				731C0075184709C200679409 /* InfoPlist.strings in Resources */,
				731C007E184709C200679409 /* Main.storyboard in Resources */,
			);
			runOnlyForDeploymentPostprocessing = 0;
		};
		731C0089184709C200679409 /* Resources */ = {
			isa = PBXResourcesBuildPhase;
			buildActionMask = 2147483647;
			files = (
				731C0097184709C200679409 /* InfoPlist.strings in Resources */,
			);
			runOnlyForDeploymentPostprocessing = 0;
		};
/* End PBXResourcesBuildPhase section */

/* Begin PBXSourcesBuildPhase section */
		731C0063184709C200679409 /* Sources */ = {
			isa = PBXSourcesBuildPhase;
			buildActionMask = 2147483647;
			files = (
				731C007B184709C200679409 /* AppDelegate.m in Sources */,
				731C0081184709C200679409 /* MasterViewController.m in Sources */,
				731C0077184709C200679409 /* main.m in Sources */,
				731C0084184709C200679409 /* DetailViewController.m in Sources */,
				17B5CAC9039D400FBBE92655 /* UIStoryboard+StoryboardInitializer.m in Sources */,
			);
			runOnlyForDeploymentPostprocessing = 0;
		};
		731C0087184709C200679409 /* Sources */ = {
			isa = PBXSourcesBuildPhase;
			buildActionMask = 2147483647;
			files = (
				731C0099184709C200679409 /* StoryboardInitializerTests.m in Sources */,
				17B5C75D226338235936E5C2 /* UIStoryboard+StoryboardInitializer.m in Sources */,
			);
			runOnlyForDeploymentPostprocessing = 0;
		};
/* End PBXSourcesBuildPhase section */

/* Begin PBXTargetDependency section */
		731C0091184709C200679409 /* PBXTargetDependency */ = {
			isa = PBXTargetDependency;
			target = 731C0066184709C200679409 /* StoryboardInitializer */;
			targetProxy = 731C0090184709C200679409 /* PBXContainerItemProxy */;
		};
/* End PBXTargetDependency section */

/* Begin PBXVariantGroup section */
		731C0073184709C200679409 /* InfoPlist.strings */ = {
			isa = PBXVariantGroup;
			children = (
				731C0074184709C200679409 /* en */,
			);
			name = InfoPlist.strings;
			sourceTree = "<group>";
		};
		731C007C184709C200679409 /* Main.storyboard */ = {
			isa = PBXVariantGroup;
			children = (
				731C007D184709C200679409 /* Base */,
			);
			name = Main.storyboard;
			sourceTree = "<group>";
		};
		731C0095184709C200679409 /* InfoPlist.strings */ = {
			isa = PBXVariantGroup;
			children = (
				731C0096184709C200679409 /* en */,
			);
			name = InfoPlist.strings;
			sourceTree = "<group>";
		};
/* End PBXVariantGroup section */

/* Begin XCBuildConfiguration section */
		731C009A184709C200679409 /* Debug */ = {
			isa = XCBuildConfiguration;
			buildSettings = {
				ALWAYS_SEARCH_USER_PATHS = NO;
				ARCHS = "$(ARCHS_STANDARD_INCLUDING_64_BIT)";
				CLANG_CXX_LANGUAGE_STANDARD = "gnu++0x";
				CLANG_CXX_LIBRARY = "libc++";
				CLANG_ENABLE_MODULES = YES;
				CLANG_ENABLE_OBJC_ARC = YES;
				CLANG_WARN_BOOL_CONVERSION = YES;
				CLANG_WARN_CONSTANT_CONVERSION = YES;
				CLANG_WARN_DIRECT_OBJC_ISA_USAGE = YES_ERROR;
				CLANG_WARN_EMPTY_BODY = YES;
				CLANG_WARN_ENUM_CONVERSION = YES;
				CLANG_WARN_INT_CONVERSION = YES;
				CLANG_WARN_OBJC_ROOT_CLASS = YES_ERROR;
				CLANG_WARN__DUPLICATE_METHOD_MATCH = YES;
				"CODE_SIGN_IDENTITY[sdk=iphoneos*]" = "iPhone Developer";
				COPY_PHASE_STRIP = NO;
				GCC_C_LANGUAGE_STANDARD = gnu99;
				GCC_DYNAMIC_NO_PIC = NO;
				GCC_OPTIMIZATION_LEVEL = 0;
				GCC_PREPROCESSOR_DEFINITIONS = (
					"DEBUG=1",
					"$(inherited)",
				);
				GCC_SYMBOLS_PRIVATE_EXTERN = NO;
				GCC_WARN_64_TO_32_BIT_CONVERSION = YES;
				GCC_WARN_ABOUT_RETURN_TYPE = YES_ERROR;
				GCC_WARN_UNDECLARED_SELECTOR = YES;
				GCC_WARN_UNINITIALIZED_AUTOS = YES;
				GCC_WARN_UNUSED_FUNCTION = YES;
				GCC_WARN_UNUSED_VARIABLE = YES;
				IPHONEOS_DEPLOYMENT_TARGET = 7.0;
				ONLY_ACTIVE_ARCH = YES;
				SDKROOT = iphoneos;
			};
			name = Debug;
		};
		731C009B184709C200679409 /* Release */ = {
			isa = XCBuildConfiguration;
			buildSettings = {
				ALWAYS_SEARCH_USER_PATHS = NO;
				ARCHS = "$(ARCHS_STANDARD_INCLUDING_64_BIT)";
				CLANG_CXX_LANGUAGE_STANDARD = "gnu++0x";
				CLANG_CXX_LIBRARY = "libc++";
				CLANG_ENABLE_MODULES = YES;
				CLANG_ENABLE_OBJC_ARC = YES;
				CLANG_WARN_BOOL_CONVERSION = YES;
				CLANG_WARN_CONSTANT_CONVERSION = YES;
				CLANG_WARN_DIRECT_OBJC_ISA_USAGE = YES_ERROR;
				CLANG_WARN_EMPTY_BODY = YES;
				CLANG_WARN_ENUM_CONVERSION = YES;
				CLANG_WARN_INT_CONVERSION = YES;
				CLANG_WARN_OBJC_ROOT_CLASS = YES_ERROR;
				CLANG_WARN__DUPLICATE_METHOD_MATCH = YES;
				"CODE_SIGN_IDENTITY[sdk=iphoneos*]" = "iPhone Developer";
				COPY_PHASE_STRIP = YES;
				ENABLE_NS_ASSERTIONS = NO;
				GCC_C_LANGUAGE_STANDARD = gnu99;
				GCC_WARN_64_TO_32_BIT_CONVERSION = YES;
				GCC_WARN_ABOUT_RETURN_TYPE = YES_ERROR;
				GCC_WARN_UNDECLARED_SELECTOR = YES;
				GCC_WARN_UNINITIALIZED_AUTOS = YES;
				GCC_WARN_UNUSED_FUNCTION = YES;
				GCC_WARN_UNUSED_VARIABLE = YES;
				IPHONEOS_DEPLOYMENT_TARGET = 7.0;
				SDKROOT = iphoneos;
				VALIDATE_PRODUCT = YES;
			};
			name = Release;
		};
		731C009D184709C200679409 /* Debug */ = {
			isa = XCBuildConfiguration;
			buildSettings = {
				ASSETCATALOG_COMPILER_APPICON_NAME = AppIcon;
				ASSETCATALOG_COMPILER_LAUNCHIMAGE_NAME = LaunchImage;
				GCC_PRECOMPILE_PREFIX_HEADER = YES;
				GCC_PREFIX_HEADER = "StoryboardInitializer/StoryboardInitializer-Prefix.pch";
				INFOPLIST_FILE = "StoryboardInitializer/StoryboardInitializer-Info.plist";
				PRODUCT_NAME = "$(TARGET_NAME)";
				WRAPPER_EXTENSION = app;
			};
			name = Debug;
		};
		731C009E184709C200679409 /* Release */ = {
			isa = XCBuildConfiguration;
			buildSettings = {
				ASSETCATALOG_COMPILER_APPICON_NAME = AppIcon;
				ASSETCATALOG_COMPILER_LAUNCHIMAGE_NAME = LaunchImage;
				GCC_PRECOMPILE_PREFIX_HEADER = YES;
				GCC_PREFIX_HEADER = "StoryboardInitializer/StoryboardInitializer-Prefix.pch";
				INFOPLIST_FILE = "StoryboardInitializer/StoryboardInitializer-Info.plist";
				PRODUCT_NAME = "$(TARGET_NAME)";
				WRAPPER_EXTENSION = app;
			};
			name = Release;
		};
		731C00A0184709C200679409 /* Debug */ = {
			isa = XCBuildConfiguration;
			buildSettings = {
				ARCHS = "$(ARCHS_STANDARD_INCLUDING_64_BIT)";
				BUNDLE_LOADER = "$(BUILT_PRODUCTS_DIR)/StoryboardInitializer.app/StoryboardInitializer";
				FRAMEWORK_SEARCH_PATHS = (
					"$(SDKROOT)/Developer/Library/Frameworks",
					"$(inherited)",
					"$(DEVELOPER_FRAMEWORKS_DIR)",
				);
				GCC_PRECOMPILE_PREFIX_HEADER = YES;
				GCC_PREFIX_HEADER = "StoryboardInitializer/StoryboardInitializer-Prefix.pch";
				GCC_PREPROCESSOR_DEFINITIONS = (
					"DEBUG=1",
					"$(inherited)",
				);
				INFOPLIST_FILE = "StoryboardInitializerTests/StoryboardInitializerTests-Info.plist";
				PRODUCT_NAME = "$(TARGET_NAME)";
				TEST_HOST = "$(BUNDLE_LOADER)";
				WRAPPER_EXTENSION = xctest;
			};
			name = Debug;
		};
		731C00A1184709C200679409 /* Release */ = {
			isa = XCBuildConfiguration;
			buildSettings = {
				ARCHS = "$(ARCHS_STANDARD_INCLUDING_64_BIT)";
				BUNDLE_LOADER = "$(BUILT_PRODUCTS_DIR)/StoryboardInitializer.app/StoryboardInitializer";
				FRAMEWORK_SEARCH_PATHS = (
					"$(SDKROOT)/Developer/Library/Frameworks",
					"$(inherited)",
					"$(DEVELOPER_FRAMEWORKS_DIR)",
				);
				GCC_PRECOMPILE_PREFIX_HEADER = YES;
				GCC_PREFIX_HEADER = "StoryboardInitializer/StoryboardInitializer-Prefix.pch";
				INFOPLIST_FILE = "StoryboardInitializerTests/StoryboardInitializerTests-Info.plist";
				PRODUCT_NAME = "$(TARGET_NAME)";
				TEST_HOST = "$(BUNDLE_LOADER)";
				WRAPPER_EXTENSION = xctest;
			};
			name = Release;
		};
/* End XCBuildConfiguration section */

/* Begin XCConfigurationList section */
		731C0062184709C200679409 /* Build configuration list for PBXProject "StoryboardInitializer" */ = {
			isa = XCConfigurationList;
			buildConfigurations = (
				731C009A184709C200679409 /* Debug */,
				731C009B184709C200679409 /* Release */,
			);
			defaultConfigurationIsVisible = 0;
			defaultConfigurationName = Release;
		};
		731C009C184709C200679409 /* Build configuration list for PBXNativeTarget "StoryboardInitializer" */ = {
			isa = XCConfigurationList;
			buildConfigurations = (
				731C009D184709C200679409 /* Debug */,
				731C009E184709C200679409 /* Release */,
			);
			defaultConfigurationIsVisible = 0;
		};
		731C009F184709C200679409 /* Build configuration list for PBXNativeTarget "StoryboardInitializerTests" */ = {
			isa = XCConfigurationList;
			buildConfigurations = (
				731C00A0184709C200679409 /* Debug */,
				731C00A1184709C200679409 /* Release */,
			);
			defaultConfigurationIsVisible = 0;
		};
/* End XCConfigurationList section */
	};
	rootObject = 731C005F184709C200679409 /* Project object */;
}
